
Microsoft Visual Studio Solution File, Format Version 12.00
# Visual Studio Version 16
VisualStudioVersion = 16.0.31005.135
MinimumVisualStudioVersion = 10.0.40219.1
Project("{9A19103F-16F7-4668-BE54-9A1E7A4F7556}") = "RoomBooking", "RoomBooking.csproj", "{6934EC95-CAC4-4BB0-96CF-A9F5A4FDA583}"
EndProject
Global
	GlobalSection(SolutionConfigurationPlatforms) = preSolution
		Debug|Any CPU = Debug|Any CPU
		Release|Any CPU = Release|Any CPU
	EndGlobalSection
	GlobalSection(ProjectConfigurationPlatforms) = postSolution
		{6934EC95-CAC4-4BB0-96CF-A9F5A4FDA583}.Debug|Any CPU.ActiveCfg = Debug|Any CPU
		{6934EC95-CAC4-4BB0-96CF-A9F5A4FDA583}.Debug|Any CPU.Build.0 = Debug|Any CPU
		{6934EC95-CAC4-4BB0-96CF-A9F5A4FDA583}.Release|Any CPU.ActiveCfg = Release|Any CPU
		{6934EC95-CAC4-4BB0-96CF-A9F5A4FDA583}.Release|Any CPU.Build.0 = Release|Any CPU
	EndGlobalSection
	GlobalSection(SolutionProperties) = preSolution
		HideSolutionNode = FALSE
	EndGlobalSection
	GlobalSection(ExtensibilityGlobals) = postSolution
		SolutionGuid = {E8B0D372-93A8-4518-A1A4-B6ABD8BE90F6}
	EndGlobalSection
EndGlobal
